
Microsoft Visual Studio Solution File, Format Version 12.00
# Visual Studio 2013
VisualStudioVersion = 12.0.40629.0
MinimumVisualStudioVersion = 10.0.40219.1
Project("{FAE04EC0-301F-11D3-BF4B-00C04F79EFBC}") = "RBAI.Logging", "RBAI.Logging\RBAI.Logging.csproj", "{F53E0D7A-5E97-45F3-B2CA-1F433A458B53}"
EndProject
Project("{FAE04EC0-301F-11D3-BF4B-00C04F79EFBC}") = "RBAI.Domain", "RBAI.Domain\RBAI.Domain.csproj", "{AB94EA47-EA3C-455D-B03E-8D5736B8FD8A}"
EndProject
Project("{FAE04EC0-301F-11D3-BF4B-00C04F79EFBC}") = "RBAI.Repository", "RBAI.Repository\RBAI.Repository.csproj", "{A672F6F6-A057-44BA-98E7-2B8C356BE342}"
EndProject
Project("{FAE04EC0-301F-11D3-BF4B-00C04F79EFBC}") = "RBAI.UI", "RBAI.UI\RBAI.UI.csproj", "{512DF407-E627-48D1-8682-A6C5755E06C8}"
EndProject
Project("{FAE04EC0-301F-11D3-BF4B-00C04F79EFBC}") = "RBAI.Screen", "RBAI.Screen\RBAI.Screen.csproj", "{27007B69-5971-4B79-A3F7-56F8454332F5}"
EndProject
Global
	GlobalSection(SolutionConfigurationPlatforms) = preSolution
		Debug|Any CPU = Debug|Any CPU
		Release|Any CPU = Release|Any CPU
	EndGlobalSection
	GlobalSection(ProjectConfigurationPlatforms) = postSolution
		{F53E0D7A-5E97-45F3-B2CA-1F433A458B53}.Debug|Any CPU.ActiveCfg = Debug|Any CPU
		{F53E0D7A-5E97-45F3-B2CA-1F433A458B53}.Debug|Any CPU.Build.0 = Debug|Any CPU
		{F53E0D7A-5E97-45F3-B2CA-1F433A458B53}.Release|Any CPU.ActiveCfg = Release|Any CPU
		{F53E0D7A-5E97-45F3-B2CA-1F433A458B53}.Release|Any CPU.Build.0 = Release|Any CPU
		{AB94EA47-EA3C-455D-B03E-8D5736B8FD8A}.Debug|Any CPU.ActiveCfg = Debug|Any CPU
		{AB94EA47-EA3C-455D-B03E-8D5736B8FD8A}.Debug|Any CPU.Build.0 = Debug|Any CPU
		{AB94EA47-EA3C-455D-B03E-8D5736B8FD8A}.Release|Any CPU.ActiveCfg = Release|Any CPU
		{AB94EA47-EA3C-455D-B03E-8D5736B8FD8A}.Release|Any CPU.Build.0 = Release|Any CPU
		{A672F6F6-A057-44BA-98E7-2B8C356BE342}.Debug|Any CPU.ActiveCfg = Debug|Any CPU
		{A672F6F6-A057-44BA-98E7-2B8C356BE342}.Debug|Any CPU.Build.0 = Debug|Any CPU
		{A672F6F6-A057-44BA-98E7-2B8C356BE342}.Release|Any CPU.ActiveCfg = Release|Any CPU
		{A672F6F6-A057-44BA-98E7-2B8C356BE342}.Release|Any CPU.Build.0 = Release|Any CPU
		{512DF407-E627-48D1-8682-A6C5755E06C8}.Debug|Any CPU.ActiveCfg = Debug|Any CPU
		{512DF407-E627-48D1-8682-A6C5755E06C8}.Debug|Any CPU.Build.0 = Debug|Any CPU
		{512DF407-E627-48D1-8682-A6C5755E06C8}.Release|Any CPU.ActiveCfg = Release|Any CPU
		{512DF407-E627-48D1-8682-A6C5755E06C8}.Release|Any CPU.Build.0 = Release|Any CPU
		{27007B69-5971-4B79-A3F7-56F8454332F5}.Debug|Any CPU.ActiveCfg = Debug|Any CPU
		{27007B69-5971-4B79-A3F7-56F8454332F5}.Debug|Any CPU.Build.0 = Debug|Any CPU
		{27007B69-5971-4B79-A3F7-56F8454332F5}.Release|Any CPU.ActiveCfg = Release|Any CPU
		{27007B69-5971-4B79-A3F7-56F8454332F5}.Release|Any CPU.Build.0 = Release|Any CPU
	EndGlobalSection
	GlobalSection(SolutionProperties) = preSolution
		HideSolutionNode = FALSE
	EndGlobalSection
EndGlobal
